
Microsoft Visual Studio Solution File, Format Version 12.00
# Visual Studio 15
Project("{FAE04EC0-301F-11D3-BF4B-00C04F79EFBC}") = "UnityEngine.TestRunner", "UnityEngine.TestRunner.csproj", "{EAA5137F-7433-8BAD-6BE2-512AA2EFB678}"
EndProject
Project("{FAE04EC0-301F-11D3-BF4B-00C04F79EFBC}") = "Unity.VisualScripting.Flow", "Unity.VisualScripting.Flow.csproj", "{0D9E2045-5E2D-E060-83AC-BF16FEDFCC80}"
EndProject
Project("{FAE04EC0-301F-11D3-BF4B-00C04F79EFBC}") = "Unity.Mathematics", "Unity.Mathematics.csproj", "{996C7A87-E697-FA60-24F5-074A04CA972A}"
EndProject
Project("{FAE04EC0-301F-11D3-BF4B-00C04F79EFBC}") = "Unity.InputSystem", "Unity.InputSystem.csproj", "{A0185CAA-1D5D-C607-15ED-10F412F59BDB}"
EndProject
Project("{FAE04EC0-301F-11D3-BF4B-00C04F79EFBC}") = "Unity.VisualScripting.State", "Unity.VisualScripting.State.csproj", "{158C4E14-7B05-EFEA-D619-ACE4B7755591}"
EndProject
Project("{FAE04EC0-301F-11D3-BF4B-00C04F79EFBC}") = "Unity.VisualScripting.Core", "Unity.VisualScripting.Core.csproj", "{6793F35F-0D4F-DB5C-C829-1E260C312D5B}"
EndProject
Project("{FAE04EC0-301F-11D3-BF4B-00C04F79EFBC}") = "Unity.Burst", "Unity.Burst.csproj", "{5A5D48A5-5D61-158E-7CEA-B12AF90C1984}"
EndProject
Project("{FAE04EC0-301F-11D3-BF4B-00C04F79EFBC}") = "Unity.2D.Animation.Runtime", "Unity.2D.Animation.Runtime.csproj", "{D97B07C5-5FE0-84FF-1D38-141826F843D3}"
EndProject
Project("{FAE04EC0-301F-11D3-BF4B-00C04F79EFBC}") = "Unity.TextMeshPro", "Unity.TextMeshPro.csproj", "{A03B79A1-1E40-1DDA-A1B5-F552EFDFA8FD}"
EndProject
Project("{FAE04EC0-301F-11D3-BF4B-00C04F79EFBC}") = "Unity.Timeline", "Unity.Timeline.csproj", "{2704C368-BCF4-B9AC-32AD-C8B4EDE9176E}"
EndProject
Project("{FAE04EC0-301F-11D3-BF4B-00C04F79EFBC}") = "Unity.2D.SpriteShape.Runtime", "Unity.2D.SpriteShape.Runtime.csproj", "{46C9EF2D-E734-5F13-572B-051A80195307}"
EndProject
Project("{FAE04EC0-301F-11D3-BF4B-00C04F79EFBC}") = "Assembly-CSharp", "Assembly-CSharp.csproj", "{DF1E779F-00EB-2D74-DE9E-9F712FFFC8B8}"
EndProject
Project("{FAE04EC0-301F-11D3-BF4B-00C04F79EFBC}") = "Unity.2D.PixelPerfect", "Unity.2D.PixelPerfect.csproj", "{28B9A135-644D-C173-1A5A-F9E2863B59FD}"
EndProject
Project("{FAE04EC0-301F-11D3-BF4B-00C04F79EFBC}") = "Unity.2D.Common.Runtime", "Unity.2D.Common.Runtime.csproj", "{ED226E86-45F5-E811-CF05-9FF5B6470E9E}"
EndProject
Project("{FAE04EC0-301F-11D3-BF4B-00C04F79EFBC}") = "Unity.2D.IK.Runtime", "Unity.2D.IK.Runtime.csproj", "{4D400135-67BB-0566-BB74-608FD0302D10}"
EndProject
Project("{FAE04EC0-301F-11D3-BF4B-00C04F79EFBC}") = "Unity.2D.Tilemap.Extras", "Unity.2D.Tilemap.Extras.csproj", "{33A030A3-A597-438E-38FA-C4BA0CE33EFE}"
EndProject
Project("{FAE04EC0-301F-11D3-BF4B-00C04F79EFBC}") = "Unity.InputSystem.TestFramework", "Unity.InputSystem.TestFramework.csproj", "{DF8E2FDF-B0C9-32CE-A247-8D707925B5DA}"
EndProject
Project("{FAE04EC0-301F-11D3-BF4B-00C04F79EFBC}") = "Unity.InternalAPIEngineBridge.001", "Unity.InternalAPIEngineBridge.001.csproj", "{0474F795-6F52-B47F-6648-25C02E27DE86}"
EndProject
Project("{FAE04EC0-301F-11D3-BF4B-00C04F79EFBC}") = "Unity.PlasticSCM.Editor", "Unity.PlasticSCM.Editor.csproj", "{74A21656-57A6-CA32-1205-F3FD7B9ED19F}"
EndProject
Project("{FAE04EC0-301F-11D3-BF4B-00C04F79EFBC}") = "Unity.VisualScripting.Core.Editor", "Unity.VisualScripting.Core.Editor.csproj", "{12B000CB-7703-0BD3-A7C9-5720C60A8176}"
EndProject
Project("{FAE04EC0-301F-11D3-BF4B-00C04F79EFBC}") = "Unity.VisualScripting.Flow.Editor", "Unity.VisualScripting.Flow.Editor.csproj", "{ACF02DC9-6406-DA15-510B-BACD3E9FC5FE}"
EndProject
Project("{FAE04EC0-301F-11D3-BF4B-00C04F79EFBC}") = "Unity.VisualStudio.Editor", "Unity.VisualStudio.Editor.csproj", "{677566B5-C541-D6BA-9FD0-ECCDE5CB360F}"
EndProject
Project("{FAE04EC0-301F-11D3-BF4B-00C04F79EFBC}") = "Unity.Timeline.Editor", "Unity.Timeline.Editor.csproj", "{822A33BD-5668-22EB-E34B-AC89FE63C721}"
EndProject
Project("{FAE04EC0-301F-11D3-BF4B-00C04F79EFBC}") = "Unity.VisualScripting.State.Editor", "Unity.VisualScripting.State.Editor.csproj", "{ABE81E15-AA9A-C6A7-3677-72650B9F7696}"
EndProject
Project("{FAE04EC0-301F-11D3-BF4B-00C04F79EFBC}") = "Unity.TextMeshPro.Editor", "Unity.TextMeshPro.Editor.csproj", "{611C9AA6-8375-14B6-49AD-F83B449ABBB1}"
EndProject
Project("{FAE04EC0-301F-11D3-BF4B-00C04F79EFBC}") = "Unity.2D.PixelPerfect.Editor", "Unity.2D.PixelPerfect.Editor.csproj", "{68B2C7D9-25B2-E8BA-8D0A-AC45DA862930}"
EndProject
Project("{FAE04EC0-301F-11D3-BF4B-00C04F79EFBC}") = "Unity.2D.Animation.Editor", "Unity.2D.Animation.Editor.csproj", "{F296328D-9475-589C-7D3B-B7893DF5A564}"
EndProject
Project("{FAE04EC0-301F-11D3-BF4B-00C04F79EFBC}") = "Unity.VisualScripting.SettingsProvider.Editor", "Unity.VisualScripting.SettingsProvider.Editor.csproj", "{292C8E4D-81EB-4073-4CCE-02F13C9EBC0E}"
EndProject
Project("{FAE04EC0-301F-11D3-BF4B-00C04F79EFBC}") = "Unity.2D.Psdimporter.Editor", "Unity.2D.Psdimporter.Editor.csproj", "{CE6CF859-FC5F-CFE6-4906-A0593C81EFCF}"
EndProject
Project("{FAE04EC0-301F-11D3-BF4B-00C04F79EFBC}") = "UnityEditor.TestRunner", "UnityEditor.TestRunner.csproj", "{313EA430-6EC5-89F6-164E-9FADB6E42412}"
EndProject
Project("{FAE04EC0-301F-11D3-BF4B-00C04F79EFBC}") = "Unity.Rider.Editor", "Unity.Rider.Editor.csproj", "{6831C8B9-FBE8-6F74-26F7-AB0649E44398}"
EndProject
Project("{FAE04EC0-301F-11D3-BF4B-00C04F79EFBC}") = "Unity.2D.Path.Editor", "Unity.2D.Path.Editor.csproj", "{6F398C70-6E6E-52CE-51C3-5950461B3C53}"
EndProject
Project("{FAE04EC0-301F-11D3-BF4B-00C04F79EFBC}") = "PsdPlugin", "PsdPlugin.csproj", "{326ABB2A-11E6-850C-1EA0-055AB506CD88}"
EndProject
Project("{FAE04EC0-301F-11D3-BF4B-00C04F79EFBC}") = "Unity.2D.IK.Editor", "Unity.2D.IK.Editor.csproj", "{BA934166-2B10-6CBB-B039-29D557761B50}"
EndProject
Project("{FAE04EC0-301F-11D3-BF4B-00C04F79EFBC}") = "Unity.2D.SpriteShape.Editor", "Unity.2D.SpriteShape.Editor.csproj", "{0367C3F4-544E-A8D6-C256-501165D8F3C4}"
EndProject
Project("{FAE04EC0-301F-11D3-BF4B-00C04F79EFBC}") = "Unity.Burst.CodeGen", "Unity.Burst.CodeGen.csproj", "{BE467AF2-D2C8-FFF0-B3FB-2EFB74B45E6C}"
EndProject
Project("{FAE04EC0-301F-11D3-BF4B-00C04F79EFBC}") = "Unity.VSCode.Editor", "Unity.VSCode.Editor.csproj", "{97B81733-CB0B-964C-6227-76169FC84813}"
EndProject
Project("{FAE04EC0-301F-11D3-BF4B-00C04F79EFBC}") = "Unity.2D.Common.Editor", "Unity.2D.Common.Editor.csproj", "{FEE269E6-7B34-C879-63E3-23B3FEDDE87F}"
EndProject
Project("{FAE04EC0-301F-11D3-BF4B-00C04F79EFBC}") = "Unity.CollabProxy.Editor", "Unity.CollabProxy.Editor.csproj", "{EF7F012D-3F90-83E0-7D24-59B75F7550F0}"
EndProject
Project("{FAE04EC0-301F-11D3-BF4B-00C04F79EFBC}") = "Unity.Mathematics.Editor", "Unity.Mathematics.Editor.csproj", "{3F6F3E9E-31B1-40A1-E784-5A410636CA72}"
EndProject
Project("{FAE04EC0-301F-11D3-BF4B-00C04F79EFBC}") = "Unity.2D.Tilemap.Extras.Editor", "Unity.2D.Tilemap.Extras.Editor.csproj", "{3A634A25-4028-5FE8-C382-CD6E57A98530}"
EndProject
Project("{FAE04EC0-301F-11D3-BF4B-00C04F79EFBC}") = "Unity.Burst.Editor", "Unity.Burst.Editor.csproj", "{94E52DD3-2E37-D4FD-A9CE-C3FBCA3BAF0A}"
EndProject
Project("{FAE04EC0-301F-11D3-BF4B-00C04F79EFBC}") = "Unity.InternalAPIEditorBridge.001", "Unity.InternalAPIEditorBridge.001.csproj", "{B5E7B4CA-8BEC-2608-BFE6-32D031B32253}"
EndProject
Project("{FAE04EC0-301F-11D3-BF4B-00C04F79EFBC}") = "Unity.VisualScripting.Shared.Editor", "Unity.VisualScripting.Shared.Editor.csproj", "{8F84EC1E-95DF-DC93-683D-1E42FAB9660B}"
EndProject
Global
	GlobalSection(SolutionConfigurationPlatforms) = preSolution
		Debug|Any CPU = Debug|Any CPU
		Release|Any CPU = Release|Any CPU
	EndGlobalSection
	GlobalSection(ProjectConfigurationPlatforms) = postSolution
		{EAA5137F-7433-8BAD-6BE2-512AA2EFB678}.Debug|Any CPU.ActiveCfg = Debug|Any CPU
		{EAA5137F-7433-8BAD-6BE2-512AA2EFB678}.Debug|Any CPU.Build.0 = Debug|Any CPU
		{EAA5137F-7433-8BAD-6BE2-512AA2EFB678}.Release|Any CPU.ActiveCfg = Release|Any CPU
		{EAA5137F-7433-8BAD-6BE2-512AA2EFB678}.Release|Any CPU.Build.0 = Release|Any CPU
		{0D9E2045-5E2D-E060-83AC-BF16FEDFCC80}.Debug|Any CPU.ActiveCfg = Debug|Any CPU
		{0D9E2045-5E2D-E060-83AC-BF16FEDFCC80}.Debug|Any CPU.Build.0 = Debug|Any CPU
		{0D9E2045-5E2D-E060-83AC-BF16FEDFCC80}.Release|Any CPU.ActiveCfg = Release|Any CPU
		{0D9E2045-5E2D-E060-83AC-BF16FEDFCC80}.Release|Any CPU.Build.0 = Release|Any CPU
		{996C7A87-E697-FA60-24F5-074A04CA972A}.Debug|Any CPU.ActiveCfg = Debug|Any CPU
		{996C7A87-E697-FA60-24F5-074A04CA972A}.Debug|Any CPU.Build.0 = Debug|Any CPU
		{996C7A87-E697-FA60-24F5-074A04CA972A}.Release|Any CPU.ActiveCfg = Release|Any CPU
		{996C7A87-E697-FA60-24F5-074A04CA972A}.Release|Any CPU.Build.0 = Release|Any CPU
		{A0185CAA-1D5D-C607-15ED-10F412F59BDB}.Debug|Any CPU.ActiveCfg = Debug|Any CPU
		{A0185CAA-1D5D-C607-15ED-10F412F59BDB}.Debug|Any CPU.Build.0 = Debug|Any CPU
		{A0185CAA-1D5D-C607-15ED-10F412F59BDB}.Release|Any CPU.ActiveCfg = Release|Any CPU
		{A0185CAA-1D5D-C607-15ED-10F412F59BDB}.Release|Any CPU.Build.0 = Release|Any CPU
		{158C4E14-7B05-EFEA-D619-ACE4B7755591}.Debug|Any CPU.ActiveCfg = Debug|Any CPU
		{158C4E14-7B05-EFEA-D619-ACE4B7755591}.Debug|Any CPU.Build.0 = Debug|Any CPU
		{158C4E14-7B05-EFEA-D619-ACE4B7755591}.Release|Any CPU.ActiveCfg = Release|Any CPU
		{158C4E14-7B05-EFEA-D619-ACE4B7755591}.Release|Any CPU.Build.0 = Release|Any CPU
		{6793F35F-0D4F-DB5C-C829-1E260C312D5B}.Debug|Any CPU.ActiveCfg = Debug|Any CPU
		{6793F35F-0D4F-DB5C-C829-1E260C312D5B}.Debug|Any CPU.Build.0 = Debug|Any CPU
		{6793F35F-0D4F-DB5C-C829-1E260C312D5B}.Release|Any CPU.ActiveCfg = Release|Any CPU
		{6793F35F-0D4F-DB5C-C829-1E260C312D5B}.Release|Any CPU.Build.0 = Release|Any CPU
		{5A5D48A5-5D61-158E-7CEA-B12AF90C1984}.Debug|Any CPU.ActiveCfg = Debug|Any CPU
		{5A5D48A5-5D61-158E-7CEA-B12AF90C1984}.Debug|Any CPU.Build.0 = Debug|Any CPU
		{5A5D48A5-5D61-158E-7CEA-B12AF90C1984}.Release|Any CPU.ActiveCfg = Release|Any CPU
		{5A5D48A5-5D61-158E-7CEA-B12AF90C1984}.Release|Any CPU.Build.0 = Release|Any CPU
		{D97B07C5-5FE0-84FF-1D38-141826F843D3}.Debug|Any CPU.ActiveCfg = Debug|Any CPU
		{D97B07C5-5FE0-84FF-1D38-141826F843D3}.Debug|Any CPU.Build.0 = Debug|Any CPU
		{D97B07C5-5FE0-84FF-1D38-141826F843D3}.Release|Any CPU.ActiveCfg = Release|Any CPU
		{D97B07C5-5FE0-84FF-1D38-141826F843D3}.Release|Any CPU.Build.0 = Release|Any CPU
		{A03B79A1-1E40-1DDA-A1B5-F552EFDFA8FD}.Debug|Any CPU.ActiveCfg = Debug|Any CPU
		{A03B79A1-1E40-1DDA-A1B5-F552EFDFA8FD}.Debug|Any CPU.Build.0 = Debug|Any CPU
		{A03B79A1-1E40-1DDA-A1B5-F552EFDFA8FD}.Release|Any CPU.ActiveCfg = Release|Any CPU
		{A03B79A1-1E40-1DDA-A1B5-F552EFDFA8FD}.Release|Any CPU.Build.0 = Release|Any CPU
		{2704C368-BCF4-B9AC-32AD-C8B4EDE9176E}.Debug|Any CPU.ActiveCfg = Debug|Any CPU
		{2704C368-BCF4-B9AC-32AD-C8B4EDE9176E}.Debug|Any CPU.Build.0 = Debug|Any CPU
		{2704C368-BCF4-B9AC-32AD-C8B4EDE9176E}.Release|Any CPU.ActiveCfg = Release|Any CPU
		{2704C368-BCF4-B9AC-32AD-C8B4EDE9176E}.Release|Any CPU.Build.0 = Release|Any CPU
		{46C9EF2D-E734-5F13-572B-051A80195307}.Debug|Any CPU.ActiveCfg = Debug|Any CPU
		{46C9EF2D-E734-5F13-572B-051A80195307}.Debug|Any CPU.Build.0 = Debug|Any CPU
		{46C9EF2D-E734-5F13-572B-051A80195307}.Release|Any CPU.ActiveCfg = Release|Any CPU
		{46C9EF2D-E734-5F13-572B-051A80195307}.Release|Any CPU.Build.0 = Release|Any CPU
		{DF1E779F-00EB-2D74-DE9E-9F712FFFC8B8}.Debug|Any CPU.ActiveCfg = Debug|Any CPU
		{DF1E779F-00EB-2D74-DE9E-9F712FFFC8B8}.Debug|Any CPU.Build.0 = Debug|Any CPU
		{DF1E779F-00EB-2D74-DE9E-9F712FFFC8B8}.Release|Any CPU.ActiveCfg = Release|Any CPU
		{DF1E779F-00EB-2D74-DE9E-9F712FFFC8B8}.Release|Any CPU.Build.0 = Release|Any CPU
		{28B9A135-644D-C173-1A5A-F9E2863B59FD}.Debug|Any CPU.ActiveCfg = Debug|Any CPU
		{28B9A135-644D-C173-1A5A-F9E2863B59FD}.Debug|Any CPU.Build.0 = Debug|Any CPU
		{28B9A135-644D-C173-1A5A-F9E2863B59FD}.Release|Any CPU.ActiveCfg = Release|Any CPU
		{28B9A135-644D-C173-1A5A-F9E2863B59FD}.Release|Any CPU.Build.0 = Release|Any CPU
		{ED226E86-45F5-E811-CF05-9FF5B6470E9E}.Debug|Any CPU.ActiveCfg = Debug|Any CPU
		{ED226E86-45F5-E811-CF05-9FF5B6470E9E}.Debug|Any CPU.Build.0 = Debug|Any CPU
		{ED226E86-45F5-E811-CF05-9FF5B6470E9E}.Release|Any CPU.ActiveCfg = Release|Any CPU
		{ED226E86-45F5-E811-CF05-9FF5B6470E9E}.Release|Any CPU.Build.0 = Release|Any CPU
		{4D400135-67BB-0566-BB74-608FD0302D10}.Debug|Any CPU.ActiveCfg = Debug|Any CPU
		{4D400135-67BB-0566-BB74-608FD0302D10}.Debug|Any CPU.Build.0 = Debug|Any CPU
		{4D400135-67BB-0566-BB74-608FD0302D10}.Release|Any CPU.ActiveCfg = Release|Any CPU
		{4D400135-67BB-0566-BB74-608FD0302D10}.Release|Any CPU.Build.0 = Release|Any CPU
		{33A030A3-A597-438E-38FA-C4BA0CE33EFE}.Debug|Any CPU.ActiveCfg = Debug|Any CPU
		{33A030A3-A597-438E-38FA-C4BA0CE33EFE}.Debug|Any CPU.Build.0 = Debug|Any CPU
		{33A030A3-A597-438E-38FA-C4BA0CE33EFE}.Release|Any CPU.ActiveCfg = Release|Any CPU
		{33A030A3-A597-438E-38FA-C4BA0CE33EFE}.Release|Any CPU.Build.0 = Release|Any CPU
		{DF8E2FDF-B0C9-32CE-A247-8D707925B5DA}.Debug|Any CPU.ActiveCfg = Debug|Any CPU
		{DF8E2FDF-B0C9-32CE-A247-8D707925B5DA}.Debug|Any CPU.Build.0 = Debug|Any CPU
		{DF8E2FDF-B0C9-32CE-A247-8D707925B5DA}.Release|Any CPU.ActiveCfg = Release|Any CPU
		{DF8E2FDF-B0C9-32CE-A247-8D707925B5DA}.Release|Any CPU.Build.0 = Release|Any CPU
		{0474F795-6F52-B47F-6648-25C02E27DE86}.Debug|Any CPU.ActiveCfg = Debug|Any CPU
		{0474F795-6F52-B47F-6648-25C02E27DE86}.Debug|Any CPU.Build.0 = Debug|Any CPU
		{0474F795-6F52-B47F-6648-25C02E27DE86}.Release|Any CPU.ActiveCfg = Release|Any CPU
		{0474F795-6F52-B47F-6648-25C02E27DE86}.Release|Any CPU.Build.0 = Release|Any CPU
		{74A21656-57A6-CA32-1205-F3FD7B9ED19F}.Debug|Any CPU.ActiveCfg = Debug|Any CPU
		{74A21656-57A6-CA32-1205-F3FD7B9ED19F}.Debug|Any CPU.Build.0 = Debug|Any CPU
		{74A21656-57A6-CA32-1205-F3FD7B9ED19F}.Release|Any CPU.ActiveCfg = Release|Any CPU
		{74A21656-57A6-CA32-1205-F3FD7B9ED19F}.Release|Any CPU.Build.0 = Release|Any CPU
		{12B000CB-7703-0BD3-A7C9-5720C60A8176}.Debug|Any CPU.ActiveCfg = Debug|Any CPU
		{12B000CB-7703-0BD3-A7C9-5720C60A8176}.Debug|Any CPU.Build.0 = Debug|Any CPU
		{12B000CB-7703-0BD3-A7C9-5720C60A8176}.Release|Any CPU.ActiveCfg = Release|Any CPU
		{12B000CB-7703-0BD3-A7C9-5720C60A8176}.Release|Any CPU.Build.0 = Release|Any CPU
		{ACF02DC9-6406-DA15-510B-BACD3E9FC5FE}.Debug|Any CPU.ActiveCfg = Debug|Any CPU
		{ACF02DC9-6406-DA15-510B-BACD3E9FC5FE}.Debug|Any CPU.Build.0 = Debug|Any CPU
		{ACF02DC9-6406-DA15-510B-BACD3E9FC5FE}.Release|Any CPU.ActiveCfg = Release|Any CPU
		{ACF02DC9-6406-DA15-510B-BACD3E9FC5FE}.Release|Any CPU.Build.0 = Release|Any CPU
		{677566B5-C541-D6BA-9FD0-ECCDE5CB360F}.Debug|Any CPU.ActiveCfg = Debug|Any CPU
		{677566B5-C541-D6BA-9FD0-ECCDE5CB360F}.Debug|Any CPU.Build.0 = Debug|Any CPU
		{677566B5-C541-D6BA-9FD0-ECCDE5CB360F}.Release|Any CPU.ActiveCfg = Release|Any CPU
		{677566B5-C541-D6BA-9FD0-ECCDE5CB360F}.Release|Any CPU.Build.0 = Release|Any CPU
		{822A33BD-5668-22EB-E34B-AC89FE63C721}.Debug|Any CPU.ActiveCfg = Debug|Any CPU
		{822A33BD-5668-22EB-E34B-AC89FE63C721}.Debug|Any CPU.Build.0 = Debug|Any CPU
		{822A33BD-5668-22EB-E34B-AC89FE63C721}.Release|Any CPU.ActiveCfg = Release|Any CPU
		{822A33BD-5668-22EB-E34B-AC89FE63C721}.Release|Any CPU.Build.0 = Release|Any CPU
		{ABE81E15-AA9A-C6A7-3677-72650B9F7696}.Debug|Any CPU.ActiveCfg = Debug|Any CPU
		{ABE81E15-AA9A-C6A7-3677-72650B9F7696}.Debug|Any CPU.Build.0 = Debug|Any CPU
		{ABE81E15-AA9A-C6A7-3677-72650B9F7696}.Release|Any CPU.ActiveCfg = Release|Any CPU
		{ABE81E15-AA9A-C6A7-3677-72650B9F7696}.Release|Any CPU.Build.0 = Release|Any CPU
		{611C9AA6-8375-14B6-49AD-F83B449ABBB1}.Debug|Any CPU.ActiveCfg = Debug|Any CPU
		{611C9AA6-8375-14B6-49AD-F83B449ABBB1}.Debug|Any CPU.Build.0 = Debug|Any CPU
		{611C9AA6-8375-14B6-49AD-F83B449ABBB1}.Release|Any CPU.ActiveCfg = Release|Any CPU
		{611C9AA6-8375-14B6-49AD-F83B449ABBB1}.Release|Any CPU.Build.0 = Release|Any CPU
		{68B2C7D9-25B2-E8BA-8D0A-AC45DA862930}.Debug|Any CPU.ActiveCfg = Debug|Any CPU
		{68B2C7D9-25B2-E8BA-8D0A-AC45DA862930}.Debug|Any CPU.Build.0 = Debug|Any CPU
		{68B2C7D9-25B2-E8BA-8D0A-AC45DA862930}.Release|Any CPU.ActiveCfg = Release|Any CPU
		{68B2C7D9-25B2-E8BA-8D0A-AC45DA862930}.Release|Any CPU.Build.0 = Release|Any CPU
		{F296328D-9475-589C-7D3B-B7893DF5A564}.Debug|Any CPU.ActiveCfg = Debug|Any CPU
		{F296328D-9475-589C-7D3B-B7893DF5A564}.Debug|Any CPU.Build.0 = Debug|Any CPU
		{F296328D-9475-589C-7D3B-B7893DF5A564}.Release|Any CPU.ActiveCfg = Release|Any CPU
		{F296328D-9475-589C-7D3B-B7893DF5A564}.Release|Any CPU.Build.0 = Release|Any CPU
		{292C8E4D-81EB-4073-4CCE-02F13C9EBC0E}.Debug|Any CPU.ActiveCfg = Debug|Any CPU
		{292C8E4D-81EB-4073-4CCE-02F13C9EBC0E}.Debug|Any CPU.Build.0 = Debug|Any CPU
		{292C8E4D-81EB-4073-4CCE-02F13C9EBC0E}.Release|Any CPU.ActiveCfg = Release|Any CPU
		{292C8E4D-81EB-4073-4CCE-02F13C9EBC0E}.Release|Any CPU.Build.0 = Release|Any CPU
		{CE6CF859-FC5F-CFE6-4906-A0593C81EFCF}.Debug|Any CPU.ActiveCfg = Debug|Any CPU
		{CE6CF859-FC5F-CFE6-4906-A0593C81EFCF}.Debug|Any CPU.Build.0 = Debug|Any CPU
		{CE6CF859-FC5F-CFE6-4906-A0593C81EFCF}.Release|Any CPU.ActiveCfg = Release|Any CPU
		{CE6CF859-FC5F-CFE6-4906-A0593C81EFCF}.Release|Any CPU.Build.0 = Release|Any CPU
		{313EA430-6EC5-89F6-164E-9FADB6E42412}.Debug|Any CPU.ActiveCfg = Debug|Any CPU
		{313EA430-6EC5-89F6-164E-9FADB6E42412}.Debug|Any CPU.Build.0 = Debug|Any CPU
		{313EA430-6EC5-89F6-164E-9FADB6E42412}.Release|Any CPU.ActiveCfg = Release|Any CPU
		{313EA430-6EC5-89F6-164E-9FADB6E42412}.Release|Any CPU.Build.0 = Release|Any CPU
		{6831C8B9-FBE8-6F74-26F7-AB0649E44398}.Debug|Any CPU.ActiveCfg = Debug|Any CPU
		{6831C8B9-FBE8-6F74-26F7-AB0649E44398}.Debug|Any CPU.Build.0 = Debug|Any CPU
		{6831C8B9-FBE8-6F74-26F7-AB0649E44398}.Release|Any CPU.ActiveCfg = Release|Any CPU
		{6831C8B9-FBE8-6F74-26F7-AB0649E44398}.Release|Any CPU.Build.0 = Release|Any CPU
		{6F398C70-6E6E-52CE-51C3-5950461B3C53}.Debug|Any CPU.ActiveCfg = Debug|Any CPU
		{6F398C70-6E6E-52CE-51C3-5950461B3C53}.Debug|Any CPU.Build.0 = Debug|Any CPU
		{6F398C70-6E6E-52CE-51C3-5950461B3C53}.Release|Any CPU.ActiveCfg = Release|Any CPU
		{6F398C70-6E6E-52CE-51C3-5950461B3C53}.Release|Any CPU.Build.0 = Release|Any CPU
		{326ABB2A-11E6-850C-1EA0-055AB506CD88}.Debug|Any CPU.ActiveCfg = Debug|Any CPU
		{326ABB2A-11E6-850C-1EA0-055AB506CD88}.Debug|Any CPU.Build.0 = Debug|Any CPU
		{326ABB2A-11E6-850C-1EA0-055AB506CD88}.Release|Any CPU.ActiveCfg = Release|Any CPU
		{326ABB2A-11E6-850C-1EA0-055AB506CD88}.Release|Any CPU.Build.0 = Release|Any CPU
		{BA934166-2B10-6CBB-B039-29D557761B50}.Debug|Any CPU.ActiveCfg = Debug|Any CPU
		{BA934166-2B10-6CBB-B039-29D557761B50}.Debug|Any CPU.Build.0 = Debug|Any CPU
		{BA934166-2B10-6CBB-B039-29D557761B50}.Release|Any CPU.ActiveCfg = Release|Any CPU
		{BA934166-2B10-6CBB-B039-29D557761B50}.Release|Any CPU.Build.0 = Release|Any CPU
		{0367C3F4-544E-A8D6-C256-501165D8F3C4}.Debug|Any CPU.ActiveCfg = Debug|Any CPU
		{0367C3F4-544E-A8D6-C256-501165D8F3C4}.Debug|Any CPU.Build.0 = Debug|Any CPU
		{0367C3F4-544E-A8D6-C256-501165D8F3C4}.Release|Any CPU.ActiveCfg = Release|Any CPU
		{0367C3F4-544E-A8D6-C256-501165D8F3C4}.Release|Any CPU.Build.0 = Release|Any CPU
		{BE467AF2-D2C8-FFF0-B3FB-2EFB74B45E6C}.Debug|Any CPU.ActiveCfg = Debug|Any CPU
		{BE467AF2-D2C8-FFF0-B3FB-2EFB74B45E6C}.Debug|Any CPU.Build.0 = Debug|Any CPU
		{BE467AF2-D2C8-FFF0-B3FB-2EFB74B45E6C}.Release|Any CPU.ActiveCfg = Release|Any CPU
		{BE467AF2-D2C8-FFF0-B3FB-2EFB74B45E6C}.Release|Any CPU.Build.0 = Release|Any CPU
		{97B81733-CB0B-964C-6227-76169FC84813}.Debug|Any CPU.ActiveCfg = Debug|Any CPU
		{97B81733-CB0B-964C-6227-76169FC84813}.Debug|Any CPU.Build.0 = Debug|Any CPU
		{97B81733-CB0B-964C-6227-76169FC84813}.Release|Any CPU.ActiveCfg = Release|Any CPU
		{97B81733-CB0B-964C-6227-76169FC84813}.Release|Any CPU.Build.0 = Release|Any CPU
		{FEE269E6-7B34-C879-63E3-23B3FEDDE87F}.Debug|Any CPU.ActiveCfg = Debug|Any CPU
		{FEE269E6-7B34-C879-63E3-23B3FEDDE87F}.Debug|Any CPU.Build.0 = Debug|Any CPU
		{FEE269E6-7B34-C879-63E3-23B3FEDDE87F}.Release|Any CPU.ActiveCfg = Release|Any CPU
		{FEE269E6-7B34-C879-63E3-23B3FEDDE87F}.Release|Any CPU.Build.0 = Release|Any CPU
		{EF7F012D-3F90-83E0-7D24-59B75F7550F0}.Debug|Any CPU.ActiveCfg = Debug|Any CPU
		{EF7F012D-3F90-83E0-7D24-59B75F7550F0}.Debug|Any CPU.Build.0 = Debug|Any CPU
		{EF7F012D-3F90-83E0-7D24-59B75F7550F0}.Release|Any CPU.ActiveCfg = Release|Any CPU
		{EF7F012D-3F90-83E0-7D24-59B75F7550F0}.Release|Any CPU.Build.0 = Release|Any CPU
		{3F6F3E9E-31B1-40A1-E784-5A410636CA72}.Debug|Any CPU.ActiveCfg = Debug|Any CPU
		{3F6F3E9E-31B1-40A1-E784-5A410636CA72}.Debug|Any CPU.Build.0 = Debug|Any CPU
		{3F6F3E9E-31B1-40A1-E784-5A410636CA72}.Release|Any CPU.ActiveCfg = Release|Any CPU
		{3F6F3E9E-31B1-40A1-E784-5A410636CA72}.Release|Any CPU.Build.0 = Release|Any CPU
		{3A634A25-4028-5FE8-C382-CD6E57A98530}.Debug|Any CPU.ActiveCfg = Debug|Any CPU
		{3A634A25-4028-5FE8-C382-CD6E57A98530}.Debug|Any CPU.Build.0 = Debug|Any CPU
		{3A634A25-4028-5FE8-C382-CD6E57A98530}.Release|Any CPU.ActiveCfg = Release|Any CPU
		{3A634A25-4028-5FE8-C382-CD6E57A98530}.Release|Any CPU.Build.0 = Release|Any CPU
		{94E52DD3-2E37-D4FD-A9CE-C3FBCA3BAF0A}.Debug|Any CPU.ActiveCfg = Debug|Any CPU
		{94E52DD3-2E37-D4FD-A9CE-C3FBCA3BAF0A}.Debug|Any CPU.Build.0 = Debug|Any CPU
		{94E52DD3-2E37-D4FD-A9CE-C3FBCA3BAF0A}.Release|Any CPU.ActiveCfg = Release|Any CPU
		{94E52DD3-2E37-D4FD-A9CE-C3FBCA3BAF0A}.Release|Any CPU.Build.0 = Release|Any CPU
		{B5E7B4CA-8BEC-2608-BFE6-32D031B32253}.Debug|Any CPU.ActiveCfg = Debug|Any CPU
		{B5E7B4CA-8BEC-2608-BFE6-32D031B32253}.Debug|Any CPU.Build.0 = Debug|Any CPU
		{B5E7B4CA-8BEC-2608-BFE6-32D031B32253}.Release|Any CPU.ActiveCfg = Release|Any CPU
		{B5E7B4CA-8BEC-2608-BFE6-32D031B32253}.Release|Any CPU.Build.0 = Release|Any CPU
		{8F84EC1E-95DF-DC93-683D-1E42FAB9660B}.Debug|Any CPU.ActiveCfg = Debug|Any CPU
		{8F84EC1E-95DF-DC93-683D-1E42FAB9660B}.Debug|Any CPU.Build.0 = Debug|Any CPU
		{8F84EC1E-95DF-DC93-683D-1E42FAB9660B}.Release|Any CPU.ActiveCfg = Release|Any CPU
		{8F84EC1E-95DF-DC93-683D-1E42FAB9660B}.Release|Any CPU.Build.0 = Release|Any CPU
	EndGlobalSection
	GlobalSection(SolutionProperties) = preSolution
		HideSolutionNode = FALSE
	EndGlobalSection
EndGlobal
